// !$*UTF8*$!
{
	archiveVersion = 1;
	classes = {
	};
	objectVersion = 46;
	objects = {

/* Begin PBXBuildFile section */
		3202929E1C69E645007AD662 /* Crashlytics.framework in Frameworks */ = {isa = PBXBuildFile; fileRef = 3202929C1C69E645007AD662 /* Crashlytics.framework */; };
		3202929F1C69E645007AD662 /* Fabric.framework in Frameworks */ = {isa = PBXBuildFile; fileRef = 3202929D1C69E645007AD662 /* Fabric.framework */; };
		320933FB1C50EF1100B092B1 /* WobbleView.swift in Sources */ = {isa = PBXBuildFile; fileRef = 320933FA1C50EF1100B092B1 /* WobbleView.swift */; };
		321B7F9B1C460E760017932E /* Reachability.swift in Sources */ = {isa = PBXBuildFile; fileRef = 321B7F9A1C460E760017932E /* Reachability.swift */; };
		321B7F9D1C465CEC0017932E /* HelperFile.swift in Sources */ = {isa = PBXBuildFile; fileRef = 321B7F9C1C465CEC0017932E /* HelperFile.swift */; };
		321F99D01C5A01A0006A39D0 /* LocationChooserViewController.swift in Sources */ = {isa = PBXBuildFile; fileRef = 321F99CF1C5A01A0006A39D0 /* LocationChooserViewController.swift */; };
		325279581C62050900978C0C /* DetailVIewViewController.swift in Sources */ = {isa = PBXBuildFile; fileRef = 325279571C62050900978C0C /* DetailVIewViewController.swift */; };
		327522801C4E1821002DED9C /* ProfileEditViewController.swift in Sources */ = {isa = PBXBuildFile; fileRef = 3275227F1C4E1821002DED9C /* ProfileEditViewController.swift */; };
		3281875B1C730B6C008BEFF3 /* NotificationSliderVC.swift in Sources */ = {isa = PBXBuildFile; fileRef = 3281875A1C730B6C008BEFF3 /* NotificationSliderVC.swift */; };
		3281875D1C730B95008BEFF3 /* CAPSPageMenu.swift in Sources */ = {isa = PBXBuildFile; fileRef = 3281875C1C730B95008BEFF3 /* CAPSPageMenu.swift */; };
		329B581C1C3E260600C1EE08 /* AppDelegate.swift in Sources */ = {isa = PBXBuildFile; fileRef = 329B581B1C3E260600C1EE08 /* AppDelegate.swift */; };
		329B58211C3E260600C1EE08 /* Main.storyboard in Resources */ = {isa = PBXBuildFile; fileRef = 329B581F1C3E260600C1EE08 /* Main.storyboard */; };
		329B58231C3E260600C1EE08 /* Assets.xcassets in Resources */ = {isa = PBXBuildFile; fileRef = 329B58221C3E260600C1EE08 /* Assets.xcassets */; };
		329B58261C3E260600C1EE08 /* LaunchScreen.storyboard in Resources */ = {isa = PBXBuildFile; fileRef = 329B58241C3E260600C1EE08 /* LaunchScreen.storyboard */; };
		329B582E1C3E267300C1EE08 /* ViewController.swift in Sources */ = {isa = PBXBuildFile; fileRef = 329B582D1C3E267300C1EE08 /* ViewController.swift */; };
		329F01401C60C4BC008A01B2 /* GenderSelectionView.swift in Sources */ = {isa = PBXBuildFile; fileRef = 329F013F1C60C4BC008A01B2 /* GenderSelectionView.swift */; };
		32CBF5571C4F7D330064E91D /* CameraVC.swift in Sources */ = {isa = PBXBuildFile; fileRef = 32CBF5561C4F7D330064E91D /* CameraVC.swift */; };
		32CBF55B1C4F7DEC0064E91D /* UIColor+Hex.swift in Sources */ = {isa = PBXBuildFile; fileRef = 32CBF55A1C4F7DEC0064E91D /* UIColor+Hex.swift */; };
		32CBF55D1C4F7E090064E91D /* GridView.swift in Sources */ = {isa = PBXBuildFile; fileRef = 32CBF55C1C4F7E090064E91D /* GridView.swift */; };
		32CBF55F1C4F7E350064E91D /* ImageSelectionVC.swift in Sources */ = {isa = PBXBuildFile; fileRef = 32CBF55E1C4F7E350064E91D /* ImageSelectionVC.swift */; };
		32D784571C579A480027AE65 /* SRWebClient.swift in Sources */ = {isa = PBXBuildFile; fileRef = 32D784561C579A480027AE65 /* SRWebClient.swift */; };
		32E9C4021C58DED00055A270 /* SettingsTableViewController.swift in Sources */ = {isa = PBXBuildFile; fileRef = 32E9C4011C58DED00055A270 /* SettingsTableViewController.swift */; };
		32EBBD611C562C2600EF8149 /* RootFBClass.swift in Sources */ = {isa = PBXBuildFile; fileRef = 32EBBD601C562C2600EF8149 /* RootFBClass.swift */; };
		32FE7AA51C6C702C00C767BC /* LoverListViewController.swift in Sources */ = {isa = PBXBuildFile; fileRef = 32FE7AA41C6C702C00C767BC /* LoverListViewController.swift */; };
		32FE7AA71C6C753400C767BC /* LoverListTableViewCell.swift in Sources */ = {isa = PBXBuildFile; fileRef = 32FE7AA61C6C753400C767BC /* LoverListTableViewCell.swift */; };
		43324F1E1C6480E200E5095E /* LocationManager.swift in Sources */ = {isa = PBXBuildFile; fileRef = 43324F1D1C6480E200E5095E /* LocationManager.swift */; };
		435EC4BF1C44E74B00CF88D4 /* GlobalFeedsViewController.swift in Sources */ = {isa = PBXBuildFile; fileRef = 435EC4BE1C44E74B00CF88D4 /* GlobalFeedsViewController.swift */; };
		43682C4E1C86EC8B00ADCBCD /* SelectionTableViewCell.swift in Sources */ = {isa = PBXBuildFile; fileRef = 43682C4D1C86EC8B00ADCBCD /* SelectionTableViewCell.swift */; };
		43682C501C86ED3D00ADCBCD /* SelectionViewController.swift in Sources */ = {isa = PBXBuildFile; fileRef = 43682C4F1C86ED3D00ADCBCD /* SelectionViewController.swift */; };
		436F7BAA1C71EBB500A38A8C /* NotificationViewController.swift in Sources */ = {isa = PBXBuildFile; fileRef = 436F7BA91C71EBB500A38A8C /* NotificationViewController.swift */; };
		436F7BAC1C71EDCB00A38A8C /* NotificationTableViewHeaderCell.swift in Sources */ = {isa = PBXBuildFile; fileRef = 436F7BAB1C71EDCB00A38A8C /* NotificationTableViewHeaderCell.swift */; };
		437901BE1C76F8EB00A69F8F /* DateConverter.swift in Sources */ = {isa = PBXBuildFile; fileRef = 437901BD1C76F8EA00A69F8F /* DateConverter.swift */; };
		437901C01C77151600A69F8F /* NotificationTableViewCell.swift in Sources */ = {isa = PBXBuildFile; fileRef = 437901BF1C77151600A69F8F /* NotificationTableViewCell.swift */; };
		437969451C5F4E8200CE136D /* FeedsResponse.swift in Sources */ = {isa = PBXBuildFile; fileRef = 437969441C5F4E8200CE136D /* FeedsResponse.swift */; };
		437969471C5F64B400CE136D /* ExtensionAlamofire.swift in Sources */ = {isa = PBXBuildFile; fileRef = 437969461C5F64B400CE136D /* ExtensionAlamofire.swift */; };
		4391876C1C4E207C00022B38 /* validator.swift in Sources */ = {isa = PBXBuildFile; fileRef = 4391876B1C4E207C00022B38 /* validator.swift */; };
		4394FD8D1C8984DF008E8394 /* AlamofireNewtork.swift in Sources */ = {isa = PBXBuildFile; fileRef = 4394FD8C1C8984DF008E8394 /* AlamofireNewtork.swift */; };
		439738151C45F3E2001F344F /* PostFeedViewController.swift in Sources */ = {isa = PBXBuildFile; fileRef = 439738141C45F3E2001F344F /* PostFeedViewController.swift */; };
		439A350C1C4CFD5600A036E9 /* UserDataStruct.swift in Sources */ = {isa = PBXBuildFile; fileRef = 439A350B1C4CFD5600A036E9 /* UserDataStruct.swift */; };
		439BC7B11C86A1E500C07F2B /* ReportAnIssueViewController.swift in Sources */ = {isa = PBXBuildFile; fileRef = 439BC7B01C86A1E500C07F2B /* ReportAnIssueViewController.swift */; };
		43A0EE5F1C4CA7BC009C4E46 /* GlobalFeedTableViewCell.swift in Sources */ = {isa = PBXBuildFile; fileRef = 43A0EE5E1C4CA7BC009C4E46 /* GlobalFeedTableViewCell.swift */; };
		43A0EE611C4CCBCB009C4E46 /* GlobalFeedCollectionViewCell.swift in Sources */ = {isa = PBXBuildFile; fileRef = 43A0EE601C4CCBCB009C4E46 /* GlobalFeedCollectionViewCell.swift */; };
		43A8E7451C75B57100AB266E /* NotificationResponse.swift in Sources */ = {isa = PBXBuildFile; fileRef = 43A8E7441C75B57100AB266E /* NotificationResponse.swift */; };
		43AD237E1C63290000A0E1B9 /* LoveLeaveResponse.swift in Sources */ = {isa = PBXBuildFile; fileRef = 43AD237D1C63290000A0E1B9 /* LoveLeaveResponse.swift */; };
		43BF1F1A1C48B252000980D5 /* DoubleModeFeedImageSelectionViewController.swift in Sources */ = {isa = PBXBuildFile; fileRef = 43BF1F191C48B252000980D5 /* DoubleModeFeedImageSelectionViewController.swift */; };
		43BF1F1E1C48DDB7000980D5 /* ProfileCustomCollectionViewCell.swift in Sources */ = {isa = PBXBuildFile; fileRef = 43BF1F1D1C48DDB7000980D5 /* ProfileCustomCollectionViewCell.swift */; };
		43C103381C44EF70009512C2 /* ProfileViewController.swift in Sources */ = {isa = PBXBuildFile; fileRef = 43C103371C44EF70009512C2 /* ProfileViewController.swift */; };
		43C1033B1C44F276009512C2 /* LoginWithEmailViewController.swift in Sources */ = {isa = PBXBuildFile; fileRef = 43C1033A1C44F276009512C2 /* LoginWithEmailViewController.swift */; };
		43C1033E1C450BEF009512C2 /* CustomTabBarController.swift in Sources */ = {isa = PBXBuildFile; fileRef = 43C1033D1C450BEF009512C2 /* CustomTabBarController.swift */; };
		43D2C75D1C43529500F0E2C5 /* ButtonWithCornerRadius.swift in Sources */ = {isa = PBXBuildFile; fileRef = 43D2C75C1C43529500F0E2C5 /* ButtonWithCornerRadius.swift */; };
		43D2C75F1C4378A900F0E2C5 /* RegisterViewController.swift in Sources */ = {isa = PBXBuildFile; fileRef = 43D2C75E1C4378A900F0E2C5 /* RegisterViewController.swift */; };
		43D2C7651C43B89800F0E2C5 /* PostFeedModeSelectionViewController.swift in Sources */ = {isa = PBXBuildFile; fileRef = 43D2C7641C43B89800F0E2C5 /* PostFeedModeSelectionViewController.swift */; };
		43E60CE31C7C63A900BDDEED /* Errors.swift in Sources */ = {isa = PBXBuildFile; fileRef = 43E60CE21C7C63A900BDDEED /* Errors.swift */; };
		43FBEE0C1C50D4EB00C25A7D /* GlobalFeedTableViewHeaderCell.swift in Sources */ = {isa = PBXBuildFile; fileRef = 43FBEE0B1C50D4EB00C25A7D /* GlobalFeedTableViewHeaderCell.swift */; };
		D794CCBE85986CD3C38B5435 /* Pods_Pixapals.framework in Frameworks */ = {isa = PBXBuildFile; fileRef = 9EAB444B124BDE822F19ED75 /* Pods_Pixapals.framework */; };
/* End PBXBuildFile section */

/* Begin PBXFileReference section */
		25D925DA979295FB8DE10432 /* Pods-Pixapals.release.xcconfig */ = {isa = PBXFileReference; includeInIndex = 1; lastKnownFileType = text.xcconfig; name = "Pods-Pixapals.release.xcconfig"; path = "Pods/Target Support Files/Pods-Pixapals/Pods-Pixapals.release.xcconfig"; sourceTree = "<group>"; };
		3202929C1C69E645007AD662 /* Crashlytics.framework */ = {isa = PBXFileReference; lastKnownFileType = wrapper.framework; path = Crashlytics.framework; sourceTree = "<group>"; };
		3202929D1C69E645007AD662 /* Fabric.framework */ = {isa = PBXFileReference; lastKnownFileType = wrapper.framework; path = Fabric.framework; sourceTree = "<group>"; };
		320933FA1C50EF1100B092B1 /* WobbleView.swift */ = {isa = PBXFileReference; fileEncoding = 4; lastKnownFileType = sourcecode.swift; path = WobbleView.swift; sourceTree = "<group>"; };
		321B7F9A1C460E760017932E /* Reachability.swift */ = {isa = PBXFileReference; fileEncoding = 4; lastKnownFileType = sourcecode.swift; name = Reachability.swift; path = Pixapals/Reachability.swift; sourceTree = "<group>"; };
		321B7F9C1C465CEC0017932E /* HelperFile.swift */ = {isa = PBXFileReference; fileEncoding = 4; lastKnownFileType = sourcecode.swift; name = HelperFile.swift; path = Pixapals/HelperFile.swift; sourceTree = "<group>"; };
		321F99CF1C5A01A0006A39D0 /* LocationChooserViewController.swift */ = {isa = PBXFileReference; fileEncoding = 4; lastKnownFileType = sourcecode.swift; path = LocationChooserViewController.swift; sourceTree = "<group>"; };
		325279571C62050900978C0C /* DetailVIewViewController.swift */ = {isa = PBXFileReference; fileEncoding = 4; lastKnownFileType = sourcecode.swift; path = DetailVIewViewController.swift; sourceTree = "<group>"; };
		3275227F1C4E1821002DED9C /* ProfileEditViewController.swift */ = {isa = PBXFileReference; fileEncoding = 4; lastKnownFileType = sourcecode.swift; path = ProfileEditViewController.swift; sourceTree = "<group>"; };
		3281875A1C730B6C008BEFF3 /* NotificationSliderVC.swift */ = {isa = PBXFileReference; fileEncoding = 4; lastKnownFileType = sourcecode.swift; path = NotificationSliderVC.swift; sourceTree = "<group>"; };
		3281875C1C730B95008BEFF3 /* CAPSPageMenu.swift */ = {isa = PBXFileReference; fileEncoding = 4; lastKnownFileType = sourcecode.swift; path = CAPSPageMenu.swift; sourceTree = "<group>"; };
		329B58181C3E260600C1EE08 /* Pixapals.app */ = {isa = PBXFileReference; explicitFileType = wrapper.application; includeInIndex = 0; path = Pixapals.app; sourceTree = BUILT_PRODUCTS_DIR; };
		329B581B1C3E260600C1EE08 /* AppDelegate.swift */ = {isa = PBXFileReference; lastKnownFileType = sourcecode.swift; path = AppDelegate.swift; sourceTree = "<group>"; };
		329B58201C3E260600C1EE08 /* Base */ = {isa = PBXFileReference; lastKnownFileType = file.storyboard; name = Base; path = Base.lproj/Main.storyboard; sourceTree = "<group>"; };
		329B58221C3E260600C1EE08 /* Assets.xcassets */ = {isa = PBXFileReference; lastKnownFileType = folder.assetcatalog; path = Assets.xcassets; sourceTree = "<group>"; };
		329B58251C3E260600C1EE08 /* Base */ = {isa = PBXFileReference; lastKnownFileType = file.storyboard; name = Base; path = Base.lproj/LaunchScreen.storyboard; sourceTree = "<group>"; };
		329B58271C3E260600C1EE08 /* Info.plist */ = {isa = PBXFileReference; lastKnownFileType = text.plist.xml; path = Info.plist; sourceTree = "<group>"; };
		329B582D1C3E267300C1EE08 /* ViewController.swift */ = {isa = PBXFileReference; fileEncoding = 4; lastKnownFileType = sourcecode.swift; name = ViewController.swift; path = ViewControllers/ViewController.swift; sourceTree = "<group>"; };
		329F013F1C60C4BC008A01B2 /* GenderSelectionView.swift */ = {isa = PBXFileReference; fileEncoding = 4; lastKnownFileType = sourcecode.swift; path = GenderSelectionView.swift; sourceTree = "<group>"; };
		32CBF5561C4F7D330064E91D /* CameraVC.swift */ = {isa = PBXFileReference; fileEncoding = 4; lastKnownFileType = sourcecode.swift; name = CameraVC.swift; path = Pixapals/CameraVC.swift; sourceTree = "<group>"; };
		32CBF55A1C4F7DEC0064E91D /* UIColor+Hex.swift */ = {isa = PBXFileReference; fileEncoding = 4; lastKnownFileType = sourcecode.swift; path = "UIColor+Hex.swift"; sourceTree = "<group>"; };
		32CBF55C1C4F7E090064E91D /* GridView.swift */ = {isa = PBXFileReference; fileEncoding = 4; lastKnownFileType = sourcecode.swift; path = GridView.swift; sourceTree = "<group>"; };
		32CBF55E1C4F7E350064E91D /* ImageSelectionVC.swift */ = {isa = PBXFileReference; fileEncoding = 4; lastKnownFileType = sourcecode.swift; path = ImageSelectionVC.swift; sourceTree = "<group>"; };
		32D784561C579A480027AE65 /* SRWebClient.swift */ = {isa = PBXFileReference; fileEncoding = 4; lastKnownFileType = sourcecode.swift; path = SRWebClient.swift; sourceTree = "<group>"; };
		32E9C4011C58DED00055A270 /* SettingsTableViewController.swift */ = {isa = PBXFileReference; fileEncoding = 4; lastKnownFileType = sourcecode.swift; path = SettingsTableViewController.swift; sourceTree = "<group>"; };
		32EBBD601C562C2600EF8149 /* RootFBClass.swift */ = {isa = PBXFileReference; fileEncoding = 4; lastKnownFileType = sourcecode.swift; path = RootFBClass.swift; sourceTree = "<group>"; };
		32FE7AA41C6C702C00C767BC /* LoverListViewController.swift */ = {isa = PBXFileReference; fileEncoding = 4; lastKnownFileType = sourcecode.swift; path = LoverListViewController.swift; sourceTree = "<group>"; };
		32FE7AA61C6C753400C767BC /* LoverListTableViewCell.swift */ = {isa = PBXFileReference; fileEncoding = 4; lastKnownFileType = sourcecode.swift; path = LoverListTableViewCell.swift; sourceTree = "<group>"; };
		43324F1D1C6480E200E5095E /* LocationManager.swift */ = {isa = PBXFileReference; fileEncoding = 4; lastKnownFileType = sourcecode.swift; name = LocationManager.swift; path = Pixapals/LocationManager.swift; sourceTree = "<group>"; };
		435EC4BE1C44E74B00CF88D4 /* GlobalFeedsViewController.swift */ = {isa = PBXFileReference; fileEncoding = 4; lastKnownFileType = sourcecode.swift; path = GlobalFeedsViewController.swift; sourceTree = "<group>"; };
		43682C4D1C86EC8B00ADCBCD /* SelectionTableViewCell.swift */ = {isa = PBXFileReference; fileEncoding = 4; lastKnownFileType = sourcecode.swift; path = SelectionTableViewCell.swift; sourceTree = "<group>"; };
		43682C4F1C86ED3D00ADCBCD /* SelectionViewController.swift */ = {isa = PBXFileReference; fileEncoding = 4; lastKnownFileType = sourcecode.swift; path = SelectionViewController.swift; sourceTree = "<group>"; };
		436F7BA91C71EBB500A38A8C /* NotificationViewController.swift */ = {isa = PBXFileReference; fileEncoding = 4; lastKnownFileType = sourcecode.swift; path = NotificationViewController.swift; sourceTree = "<group>"; };
		436F7BAB1C71EDCB00A38A8C /* NotificationTableViewHeaderCell.swift */ = {isa = PBXFileReference; fileEncoding = 4; lastKnownFileType = sourcecode.swift; path = NotificationTableViewHeaderCell.swift; sourceTree = "<group>"; };
		437901BD1C76F8EA00A69F8F /* DateConverter.swift */ = {isa = PBXFileReference; fileEncoding = 4; lastKnownFileType = sourcecode.swift; name = DateConverter.swift; path = Pixapals/DateConverter.swift; sourceTree = "<group>"; };
		437901BF1C77151600A69F8F /* NotificationTableViewCell.swift */ = {isa = PBXFileReference; fileEncoding = 4; lastKnownFileType = sourcecode.swift; path = NotificationTableViewCell.swift; sourceTree = "<group>"; };
		437969441C5F4E8200CE136D /* FeedsResponse.swift */ = {isa = PBXFileReference; fileEncoding = 4; lastKnownFileType = sourcecode.swift; path = FeedsResponse.swift; sourceTree = "<group>"; };
		437969461C5F64B400CE136D /* ExtensionAlamofire.swift */ = {isa = PBXFileReference; fileEncoding = 4; lastKnownFileType = sourcecode.swift; path = ExtensionAlamofire.swift; sourceTree = "<group>"; };
		4391876B1C4E207C00022B38 /* validator.swift */ = {isa = PBXFileReference; fileEncoding = 4; lastKnownFileType = sourcecode.swift; name = validator.swift; path = Pixapals/validator.swift; sourceTree = "<group>"; };
		4394FD8C1C8984DF008E8394 /* AlamofireNewtork.swift */ = {isa = PBXFileReference; fileEncoding = 4; lastKnownFileType = sourcecode.swift; path = AlamofireNewtork.swift; sourceTree = "<group>"; };
		439738141C45F3E2001F344F /* PostFeedViewController.swift */ = {isa = PBXFileReference; fileEncoding = 4; lastKnownFileType = sourcecode.swift; path = PostFeedViewController.swift; sourceTree = "<group>"; };
		439A350B1C4CFD5600A036E9 /* UserDataStruct.swift */ = {isa = PBXFileReference; fileEncoding = 4; lastKnownFileType = sourcecode.swift; name = UserDataStruct.swift; path = Pixapals/UserDataStruct.swift; sourceTree = "<group>"; };
		439BC7B01C86A1E500C07F2B /* ReportAnIssueViewController.swift */ = {isa = PBXFileReference; fileEncoding = 4; lastKnownFileType = sourcecode.swift; path = ReportAnIssueViewController.swift; sourceTree = "<group>"; };
		43A0EE5E1C4CA7BC009C4E46 /* GlobalFeedTableViewCell.swift */ = {isa = PBXFileReference; fileEncoding = 4; lastKnownFileType = sourcecode.swift; path = GlobalFeedTableViewCell.swift; sourceTree = "<group>"; };
		43A0EE601C4CCBCB009C4E46 /* GlobalFeedCollectionViewCell.swift */ = {isa = PBXFileReference; fileEncoding = 4; lastKnownFileType = sourcecode.swift; path = GlobalFeedCollectionViewCell.swift; sourceTree = "<group>"; };
		43A8E7441C75B57100AB266E /* NotificationResponse.swift */ = {isa = PBXFileReference; fileEncoding = 4; lastKnownFileType = sourcecode.swift; path = NotificationResponse.swift; sourceTree = "<group>"; };
		43AD237D1C63290000A0E1B9 /* LoveLeaveResponse.swift */ = {isa = PBXFileReference; fileEncoding = 4; lastKnownFileType = sourcecode.swift; path = LoveLeaveResponse.swift; sourceTree = "<group>"; };
		43BF1F191C48B252000980D5 /* DoubleModeFeedImageSelectionViewController.swift */ = {isa = PBXFileReference; fileEncoding = 4; lastKnownFileType = sourcecode.swift; path = DoubleModeFeedImageSelectionViewController.swift; sourceTree = "<group>"; };
		43BF1F1D1C48DDB7000980D5 /* ProfileCustomCollectionViewCell.swift */ = {isa = PBXFileReference; fileEncoding = 4; lastKnownFileType = sourcecode.swift; path = ProfileCustomCollectionViewCell.swift; sourceTree = "<group>"; };
		43C103371C44EF70009512C2 /* ProfileViewController.swift */ = {isa = PBXFileReference; fileEncoding = 4; lastKnownFileType = sourcecode.swift; path = ProfileViewController.swift; sourceTree = "<group>"; };
		43C1033A1C44F276009512C2 /* LoginWithEmailViewController.swift */ = {isa = PBXFileReference; fileEncoding = 4; lastKnownFileType = sourcecode.swift; path = LoginWithEmailViewController.swift; sourceTree = "<group>"; };
		43C1033D1C450BEF009512C2 /* CustomTabBarController.swift */ = {isa = PBXFileReference; fileEncoding = 4; lastKnownFileType = sourcecode.swift; path = CustomTabBarController.swift; sourceTree = "<group>"; };
		43D2C75C1C43529500F0E2C5 /* ButtonWithCornerRadius.swift */ = {isa = PBXFileReference; fileEncoding = 4; lastKnownFileType = sourcecode.swift; path = ButtonWithCornerRadius.swift; sourceTree = "<group>"; };
		43D2C75E1C4378A900F0E2C5 /* RegisterViewController.swift */ = {isa = PBXFileReference; fileEncoding = 4; lastKnownFileType = sourcecode.swift; path = RegisterViewController.swift; sourceTree = "<group>"; };
		43D2C7641C43B89800F0E2C5 /* PostFeedModeSelectionViewController.swift */ = {isa = PBXFileReference; fileEncoding = 4; lastKnownFileType = sourcecode.swift; path = PostFeedModeSelectionViewController.swift; sourceTree = "<group>"; };
		43E60CE21C7C63A900BDDEED /* Errors.swift */ = {isa = PBXFileReference; fileEncoding = 4; lastKnownFileType = sourcecode.swift; path = Errors.swift; sourceTree = "<group>"; };
		43FBEE0B1C50D4EB00C25A7D /* GlobalFeedTableViewHeaderCell.swift */ = {isa = PBXFileReference; fileEncoding = 4; lastKnownFileType = sourcecode.swift; path = GlobalFeedTableViewHeaderCell.swift; sourceTree = "<group>"; };
		9EAB444B124BDE822F19ED75 /* Pods_Pixapals.framework */ = {isa = PBXFileReference; explicitFileType = wrapper.framework; includeInIndex = 0; path = Pods_Pixapals.framework; sourceTree = BUILT_PRODUCTS_DIR; };
		CD4AF32D5D95BBDC56CB9EDA /* Pods-Pixapals.debug.xcconfig */ = {isa = PBXFileReference; includeInIndex = 1; lastKnownFileType = text.xcconfig; name = "Pods-Pixapals.debug.xcconfig"; path = "Pods/Target Support Files/Pods-Pixapals/Pods-Pixapals.debug.xcconfig"; sourceTree = "<group>"; };
/* End PBXFileReference section */

/* Begin PBXFrameworksBuildPhase section */
		329B58151C3E260600C1EE08 /* Frameworks */ = {
			isa = PBXFrameworksBuildPhase;
			buildActionMask = 2147483647;
			files = (
				3202929E1C69E645007AD662 /* Crashlytics.framework in Frameworks */,
				D794CCBE85986CD3C38B5435 /* Pods_Pixapals.framework in Frameworks */,
				3202929F1C69E645007AD662 /* Fabric.framework in Frameworks */,
			);
			runOnlyForDeploymentPostprocessing = 0;
		};
/* End PBXFrameworksBuildPhase section */

/* Begin PBXGroup section */
		325279561C62049E00978C0C /* Libs */ = {
			isa = PBXGroup;
			children = (
				437969461C5F64B400CE136D /* ExtensionAlamofire.swift */,
				32CBF55A1C4F7DEC0064E91D /* UIColor+Hex.swift */,
				32D784561C579A480027AE65 /* SRWebClient.swift */,
			);
			name = Libs;
			path = Pixapals;
			sourceTree = "<group>";
		};
		329B580F1C3E260600C1EE08 = {
			isa = PBXGroup;
			children = (
				329B581A1C3E260600C1EE08 /* Pixapals */,
				329B58191C3E260600C1EE08 /* Products */,
				B08378BA04DD4F3F064BCC5E /* Pods */,
				D8434C931E6A53BF2AD08086 /* Frameworks */,
			);
			sourceTree = "<group>";
		};
		329B58191C3E260600C1EE08 /* Products */ = {
			isa = PBXGroup;
			children = (
				329B58181C3E260600C1EE08 /* Pixapals.app */,
			);
			name = Products;
			sourceTree = "<group>";
		};
		329B581A1C3E260600C1EE08 /* Pixapals */ = {
			isa = PBXGroup;
			children = (
				4394FD771C898155008E8394 /* Utilities */,
				437969431C5F4E5A00CE136D /* Model */,
				43C1033C1C44F2A3009512C2 /* Views */,
				32CBF55C1C4F7E090064E91D /* GridView.swift */,
				43C103391C44F242009512C2 /* ViewControllers */,
				329B581B1C3E260600C1EE08 /* AppDelegate.swift */,
				329B581F1C3E260600C1EE08 /* Main.storyboard */,
				329B58221C3E260600C1EE08 /* Assets.xcassets */,
				329B58241C3E260600C1EE08 /* LaunchScreen.storyboard */,
				329B58271C3E260600C1EE08 /* Info.plist */,
			);
			path = Pixapals;
			sourceTree = "<group>";
		};
		437969431C5F4E5A00CE136D /* Model */ = {
			isa = PBXGroup;
			children = (
				437969441C5F4E8200CE136D /* FeedsResponse.swift */,
				43AD237D1C63290000A0E1B9 /* LoveLeaveResponse.swift */,
				43A8E7441C75B57100AB266E /* NotificationResponse.swift */,
			);
			name = Model;
			sourceTree = "<group>";
		};
		4394FD751C898111008E8394 /* GlobalFeed */ = {
			isa = PBXGroup;
			children = (
				43FBEE0B1C50D4EB00C25A7D /* GlobalFeedTableViewHeaderCell.swift */,
				43A0EE601C4CCBCB009C4E46 /* GlobalFeedCollectionViewCell.swift */,
				43A0EE5E1C4CA7BC009C4E46 /* GlobalFeedTableViewCell.swift */,
			);
			name = GlobalFeed;
			sourceTree = "<group>";
		};
		4394FD761C89812E008E8394 /* ProfileView */ = {
			isa = PBXGroup;
			children = (
				43BF1F1D1C48DDB7000980D5 /* ProfileCustomCollectionViewCell.swift */,
			);
			name = ProfileView;
			sourceTree = "<group>";
		};
		4394FD771C898155008E8394 /* Utilities */ = {
			isa = PBXGroup;
			children = (
				43324F1D1C6480E200E5095E /* LocationManager.swift */,
				32CBF5561C4F7D330064E91D /* CameraVC.swift */,
				439A350B1C4CFD5600A036E9 /* UserDataStruct.swift */,
				321B7F9C1C465CEC0017932E /* HelperFile.swift */,
				437901BD1C76F8EA00A69F8F /* DateConverter.swift */,
				4391876B1C4E207C00022B38 /* validator.swift */,
				321B7F9A1C460E760017932E /* Reachability.swift */,
				4394FD8C1C8984DF008E8394 /* AlamofireNewtork.swift */,
				325279561C62049E00978C0C /* Libs */,
				43E60CE11C7C638C00BDDEED /* ErrorHandling */,
			);
			name = Utilities;
			path = ..;
			sourceTree = "<group>";
		};
		4394FD781C8981AE008E8394 /* NotificationView */ = {
			isa = PBXGroup;
			children = (
				437901BF1C77151600A69F8F /* NotificationTableViewCell.swift */,
				436F7BAB1C71EDCB00A38A8C /* NotificationTableViewHeaderCell.swift */,
			);
			name = NotificationView;
			sourceTree = "<group>";
		};
		4394FD791C8981C2008E8394 /* OptionSelectionView */ = {
			isa = PBXGroup;
			children = (
				43682C4D1C86EC8B00ADCBCD /* SelectionTableViewCell.swift */,
			);
			name = OptionSelectionView;
			sourceTree = "<group>";
		};
		4394FD7A1C8981E0008E8394 /* WobbleView */ = {
			isa = PBXGroup;
			children = (
				320933FA1C50EF1100B092B1 /* WobbleView.swift */,
			);
			name = WobbleView;
			sourceTree = "<group>";
		};
		4394FD7B1C8981EC008E8394 /* CAPSPageMenu */ = {
			isa = PBXGroup;
			children = (
				3281875C1C730B95008BEFF3 /* CAPSPageMenu.swift */,
			);
			name = CAPSPageMenu;
			sourceTree = "<group>";
		};
		4394FD7C1C898203008E8394 /* CustomButton */ = {
			isa = PBXGroup;
			children = (
				43D2C75C1C43529500F0E2C5 /* ButtonWithCornerRadius.swift */,
			);
			name = CustomButton;
			sourceTree = "<group>";
		};
		4394FD7D1C898211008E8394 /* LoverListView */ = {
			isa = PBXGroup;
			children = (
				32FE7AA61C6C753400C767BC /* LoverListTableViewCell.swift */,
			);
			name = LoverListView;
			sourceTree = "<group>";
		};
		4394FD7E1C89821F008E8394 /* GlobalFeedAndPersonalisedFeed */ = {
			isa = PBXGroup;
			children = (
				435EC4BE1C44E74B00CF88D4 /* GlobalFeedsViewController.swift */,
			);
			name = GlobalFeedAndPersonalisedFeed;
			sourceTree = "<group>";
		};
		4394FD7F1C89822D008E8394 /* Profile */ = {
			isa = PBXGroup;
			children = (
				4394FD851C898269008E8394 /* Settings */,
				4394FD861C898270008E8394 /* EditProfile */,
				43C103371C44EF70009512C2 /* ProfileViewController.swift */,
			);
			name = Profile;
			sourceTree = "<group>";
		};
		4394FD801C89823C008E8394 /* LoverList */ = {
			isa = PBXGroup;
			children = (
				32FE7AA41C6C702C00C767BC /* LoverListViewController.swift */,
			);
			name = LoverList;
			sourceTree = "<group>";
		};
		4394FD811C898241008E8394 /* DetailView */ = {
			isa = PBXGroup;
			children = (
				325279571C62050900978C0C /* DetailVIewViewController.swift */,
			);
			name = DetailView;
			sourceTree = "<group>";
		};
		4394FD821C898250008E8394 /* RegisterUser */ = {
			isa = PBXGroup;
			children = (
				43D2C75E1C4378A900F0E2C5 /* RegisterViewController.swift */,
			);
			name = RegisterUser;
			sourceTree = "<group>";
		};
		4394FD831C89825A008E8394 /* PostFeed */ = {
			isa = PBXGroup;
			children = (
				43D2C7641C43B89800F0E2C5 /* PostFeedModeSelectionViewController.swift */,
				439738141C45F3E2001F344F /* PostFeedViewController.swift */,
				43BF1F191C48B252000980D5 /* DoubleModeFeedImageSelectionViewController.swift */,
			);
			name = PostFeed;
			sourceTree = "<group>";
		};
		4394FD841C898261008E8394 /* Notification */ = {
			isa = PBXGroup;
			children = (
				436F7BA91C71EBB500A38A8C /* NotificationViewController.swift */,
				3281875A1C730B6C008BEFF3 /* NotificationSliderVC.swift */,
			);
			name = Notification;
			sourceTree = "<group>";
		};
		4394FD851C898269008E8394 /* Settings */ = {
			isa = PBXGroup;
			children = (
				4394FD8B1C8983A6008E8394 /* ReportIssue */,
				32E9C4011C58DED00055A270 /* SettingsTableViewController.swift */,
				321F99CF1C5A01A0006A39D0 /* LocationChooserViewController.swift */,
			);
			name = Settings;
			sourceTree = "<group>";
		};
		4394FD861C898270008E8394 /* EditProfile */ = {
			isa = PBXGroup;
			children = (
				3275227F1C4E1821002DED9C /* ProfileEditViewController.swift */,
			);
			name = EditProfile;
			sourceTree = "<group>";
		};
		4394FD871C89827C008E8394 /* OptionSelection */ = {
			isa = PBXGroup;
			children = (
				43682C4F1C86ED3D00ADCBCD /* SelectionViewController.swift */,
				329F013F1C60C4BC008A01B2 /* GenderSelectionView.swift */,
			);
			name = OptionSelection;
			sourceTree = "<group>";
		};
		4394FD881C898286008E8394 /* LoginUsingEmail */ = {
			isa = PBXGroup;
			children = (
				43C1033A1C44F276009512C2 /* LoginWithEmailViewController.swift */,
			);
			name = LoginUsingEmail;
			sourceTree = "<group>";
		};
		4394FD891C898297008E8394 /* TabController */ = {
			isa = PBXGroup;
			children = (
				4394FD801C89823C008E8394 /* LoverList */,
				4394FD811C898241008E8394 /* DetailView */,
				4394FD8A1C8982D6008E8394 /* ImageSelection */,
				4394FD831C89825A008E8394 /* PostFeed */,
				4394FD841C898261008E8394 /* Notification */,
				4394FD7F1C89822D008E8394 /* Profile */,
				4394FD7E1C89821F008E8394 /* GlobalFeedAndPersonalisedFeed */,
				43C1033D1C450BEF009512C2 /* CustomTabBarController.swift */,
			);
			name = TabController;
			sourceTree = "<group>";
		};
		4394FD8A1C8982D6008E8394 /* ImageSelection */ = {
			isa = PBXGroup;
			children = (
				32CBF55E1C4F7E350064E91D /* ImageSelectionVC.swift */,
			);
			name = ImageSelection;
			sourceTree = "<group>";
		};
		4394FD8B1C8983A6008E8394 /* ReportIssue */ = {
			isa = PBXGroup;
			children = (
				439BC7B01C86A1E500C07F2B /* ReportAnIssueViewController.swift */,
			);
			name = ReportIssue;
			sourceTree = "<group>";
		};
		43C103391C44F242009512C2 /* ViewControllers */ = {
			isa = PBXGroup;
			children = (
				4394FD881C898286008E8394 /* LoginUsingEmail */,
				4394FD891C898297008E8394 /* TabController */,
				4394FD871C89827C008E8394 /* OptionSelection */,
				4394FD821C898250008E8394 /* RegisterUser */,
				32EBBD601C562C2600EF8149 /* RootFBClass.swift */,
				329B582D1C3E267300C1EE08 /* ViewController.swift */,
			);
			name = ViewControllers;
			sourceTree = "<group>";
		};
		43C1033C1C44F2A3009512C2 /* Views */ = {
			isa = PBXGroup;
			children = (
				4394FD7D1C898211008E8394 /* LoverListView */,
				4394FD7C1C898203008E8394 /* CustomButton */,
				4394FD7B1C8981EC008E8394 /* CAPSPageMenu */,
				4394FD7A1C8981E0008E8394 /* WobbleView */,
				4394FD791C8981C2008E8394 /* OptionSelectionView */,
				4394FD781C8981AE008E8394 /* NotificationView */,
				4394FD761C89812E008E8394 /* ProfileView */,
				4394FD751C898111008E8394 /* GlobalFeed */,
			);
			name = Views;
			sourceTree = "<group>";
		};
		43E60CE11C7C638C00BDDEED /* ErrorHandling */ = {
			isa = PBXGroup;
			children = (
				43E60CE21C7C63A900BDDEED /* Errors.swift */,
			);
			name = ErrorHandling;
			path = Pixapals;
			sourceTree = "<group>";
		};
		B08378BA04DD4F3F064BCC5E /* Pods */ = {
			isa = PBXGroup;
			children = (
				CD4AF32D5D95BBDC56CB9EDA /* Pods-Pixapals.debug.xcconfig */,
				25D925DA979295FB8DE10432 /* Pods-Pixapals.release.xcconfig */,
			);
			name = Pods;
			sourceTree = "<group>";
		};
		D8434C931E6A53BF2AD08086 /* Frameworks */ = {
			isa = PBXGroup;
			children = (
				3202929C1C69E645007AD662 /* Crashlytics.framework */,
				3202929D1C69E645007AD662 /* Fabric.framework */,
				9EAB444B124BDE822F19ED75 /* Pods_Pixapals.framework */,
			);
			name = Frameworks;
			sourceTree = "<group>";
		};
/* End PBXGroup section */

/* Begin PBXNativeTarget section */
		329B58171C3E260600C1EE08 /* Pixapals */ = {
			isa = PBXNativeTarget;
			buildConfigurationList = 329B582A1C3E260600C1EE08 /* Build configuration list for PBXNativeTarget "Pixapals" */;
			buildPhases = (
				3E069F0DE5A7FD8B648A1D56 /* Check Pods Manifest.lock */,
				329B58141C3E260600C1EE08 /* Sources */,
				329B58151C3E260600C1EE08 /* Frameworks */,
				329B58161C3E260600C1EE08 /* Resources */,
				48B8AB27A5431D8328D8348D /* Embed Pods Frameworks */,
				76AEDD47274244E8D28E84DE /* Copy Pods Resources */,
				3202929B1C69E623007AD662 /* ShellScript */,
				43AA0D461C7ED85F00AD8D65 /* ShellScript */,
			);
			buildRules = (
			);
			dependencies = (
			);
			name = Pixapals;
			productName = Pixapals;
			productReference = 329B58181C3E260600C1EE08 /* Pixapals.app */;
			productType = "com.apple.product-type.application";
		};
/* End PBXNativeTarget section */

/* Begin PBXProject section */
		329B58101C3E260600C1EE08 /* Project object */ = {
			isa = PBXProject;
			attributes = {
				LastSwiftUpdateCheck = 0720;
				LastUpgradeCheck = 0720;
				ORGANIZATIONNAME = com.pixpal;
				TargetAttributes = {
					329B58171C3E260600C1EE08 = {
						CreatedOnToolsVersion = 7.2;
						DevelopmentTeam = VTPR87BH28;
						SystemCapabilities = {
							com.apple.BackgroundModes = {
								enabled = 1;
							};
							com.apple.Push = {
								enabled = 1;
							};
						};
					};
				};
			};
			buildConfigurationList = 329B58131C3E260600C1EE08 /* Build configuration list for PBXProject "Pixapals" */;
			compatibilityVersion = "Xcode 3.2";
			developmentRegion = English;
			hasScannedForEncodings = 0;
			knownRegions = (
				en,
				Base,
			);
			mainGroup = 329B580F1C3E260600C1EE08;
			productRefGroup = 329B58191C3E260600C1EE08 /* Products */;
			projectDirPath = "";
			projectRoot = "";
			targets = (
				329B58171C3E260600C1EE08 /* Pixapals */,
			);
		};
/* End PBXProject section */

/* Begin PBXResourcesBuildPhase section */
		329B58161C3E260600C1EE08 /* Resources */ = {
			isa = PBXResourcesBuildPhase;
			buildActionMask = 2147483647;
			files = (
				329B58261C3E260600C1EE08 /* LaunchScreen.storyboard in Resources */,
				329B58231C3E260600C1EE08 /* Assets.xcassets in Resources */,
				329B58211C3E260600C1EE08 /* Main.storyboard in Resources */,
			);
			runOnlyForDeploymentPostprocessing = 0;
		};
/* End PBXResourcesBuildPhase section */

/* Begin PBXShellScriptBuildPhase section */
		3202929B1C69E623007AD662 /* ShellScript */ = {
			isa = PBXShellScriptBuildPhase;
			buildActionMask = 2147483647;
			files = (
			);
			inputPaths = (
			);
			outputPaths = (
			);
			runOnlyForDeploymentPostprocessing = 0;
			shellPath = /bin/sh;
			shellScript = "\"${PODS_ROOT}/Fabric/run\" 9928b7bc832de433deef3a9452924832495c2fdd 5d3f2935d9ae350f4c5d0a0bae54eed4315da2b86c81b3c2868444ac6e7ae722\n./Fabric.framework/run c331a488c0f64d5d5647e92d4524396ebd297bf3 08ea02cdb31310e332cf11aef870a2118dbffb2244b4e934c03e157a5e1f0d0d";
		};
		3E069F0DE5A7FD8B648A1D56 /* Check Pods Manifest.lock */ = {
			isa = PBXShellScriptBuildPhase;
			buildActionMask = 2147483647;
			files = (
			);
			inputPaths = (
			);
			name = "Check Pods Manifest.lock";
			outputPaths = (
			);
			runOnlyForDeploymentPostprocessing = 0;
			shellPath = /bin/sh;
			shellScript = "diff \"${PODS_ROOT}/../Podfile.lock\" \"${PODS_ROOT}/Manifest.lock\" > /dev/null\nif [[ $? != 0 ]] ; then\n    cat << EOM\nerror: The sandbox is not in sync with the Podfile.lock. Run 'pod install' or update your CocoaPods installation.\nEOM\n    exit 1\nfi\n";
			showEnvVarsInLog = 0;
		};
		43AA0D461C7ED85F00AD8D65 /* ShellScript */ = {
			isa = PBXShellScriptBuildPhase;
			buildActionMask = 2147483647;
			files = (
			);
			inputPaths = (
			);
			outputPaths = (
			);
			runOnlyForDeploymentPostprocessing = 0;
			shellPath = /bin/sh;
			shellScript = "";
		};
		48B8AB27A5431D8328D8348D /* Embed Pods Frameworks */ = {
			isa = PBXShellScriptBuildPhase;
			buildActionMask = 2147483647;
			files = (
			);
			inputPaths = (
			);
			name = "Embed Pods Frameworks";
			outputPaths = (
			);
			runOnlyForDeploymentPostprocessing = 0;
			shellPath = /bin/sh;
			shellScript = "\"${SRCROOT}/Pods/Target Support Files/Pods-Pixapals/Pods-Pixapals-frameworks.sh\"\n";
			showEnvVarsInLog = 0;
		};
		76AEDD47274244E8D28E84DE /* Copy Pods Resources */ = {
			isa = PBXShellScriptBuildPhase;
			buildActionMask = 2147483647;
			files = (
			);
			inputPaths = (
			);
			name = "Copy Pods Resources";
			outputPaths = (
			);
			runOnlyForDeploymentPostprocessing = 0;
			shellPath = /bin/sh;
			shellScript = "\"${SRCROOT}/Pods/Target Support Files/Pods-Pixapals/Pods-Pixapals-resources.sh\"\n";
			showEnvVarsInLog = 0;
		};
/* End PBXShellScriptBuildPhase section */

/* Begin PBXSourcesBuildPhase section */
		329B58141C3E260600C1EE08 /* Sources */ = {
			isa = PBXSourcesBuildPhase;
			buildActionMask = 2147483647;
			files = (
				32CBF55F1C4F7E350064E91D /* ImageSelectionVC.swift in Sources */,
				43A8E7451C75B57100AB266E /* NotificationResponse.swift in Sources */,
				327522801C4E1821002DED9C /* ProfileEditViewController.swift in Sources */,
				43D2C75D1C43529500F0E2C5 /* ButtonWithCornerRadius.swift in Sources */,
				32CBF55B1C4F7DEC0064E91D /* UIColor+Hex.swift in Sources */,
				320933FB1C50EF1100B092B1 /* WobbleView.swift in Sources */,
				435EC4BF1C44E74B00CF88D4 /* GlobalFeedsViewController.swift in Sources */,
				329F01401C60C4BC008A01B2 /* GenderSelectionView.swift in Sources */,
				436F7BAC1C71EDCB00A38A8C /* NotificationTableViewHeaderCell.swift in Sources */,
				329B582E1C3E267300C1EE08 /* ViewController.swift in Sources */,
				437969471C5F64B400CE136D /* ExtensionAlamofire.swift in Sources */,
				43D2C7651C43B89800F0E2C5 /* PostFeedModeSelectionViewController.swift in Sources */,
				4391876C1C4E207C00022B38 /* validator.swift in Sources */,
				43682C501C86ED3D00ADCBCD /* SelectionViewController.swift in Sources */,
				43FBEE0C1C50D4EB00C25A7D /* GlobalFeedTableViewHeaderCell.swift in Sources */,
				436F7BAA1C71EBB500A38A8C /* NotificationViewController.swift in Sources */,
				439738151C45F3E2001F344F /* PostFeedViewController.swift in Sources */,
				43E60CE31C7C63A900BDDEED /* Errors.swift in Sources */,
				321F99D01C5A01A0006A39D0 /* LocationChooserViewController.swift in Sources */,
				3281875B1C730B6C008BEFF3 /* NotificationSliderVC.swift in Sources */,
				437901BE1C76F8EB00A69F8F /* DateConverter.swift in Sources */,
				4394FD8D1C8984DF008E8394 /* AlamofireNewtork.swift in Sources */,
				32FE7AA71C6C753400C767BC /* LoverListTableViewCell.swift in Sources */,
				43BF1F1E1C48DDB7000980D5 /* ProfileCustomCollectionViewCell.swift in Sources */,
				32E9C4021C58DED00055A270 /* SettingsTableViewController.swift in Sources */,
				329B581C1C3E260600C1EE08 /* AppDelegate.swift in Sources */,
				43324F1E1C6480E200E5095E /* LocationManager.swift in Sources */,
				32CBF55D1C4F7E090064E91D /* GridView.swift in Sources */,
				325279581C62050900978C0C /* DetailVIewViewController.swift in Sources */,
				32EBBD611C562C2600EF8149 /* RootFBClass.swift in Sources */,
				3281875D1C730B95008BEFF3 /* CAPSPageMenu.swift in Sources */,
				43A0EE5F1C4CA7BC009C4E46 /* GlobalFeedTableViewCell.swift in Sources */,
				437969451C5F4E8200CE136D /* FeedsResponse.swift in Sources */,
				321B7F9B1C460E760017932E /* Reachability.swift in Sources */,
				43C1033B1C44F276009512C2 /* LoginWithEmailViewController.swift in Sources */,
				437901C01C77151600A69F8F /* NotificationTableViewCell.swift in Sources */,
				43AD237E1C63290000A0E1B9 /* LoveLeaveResponse.swift in Sources */,
				43C103381C44EF70009512C2 /* ProfileViewController.swift in Sources */,
				43D2C75F1C4378A900F0E2C5 /* RegisterViewController.swift in Sources */,
				43C1033E1C450BEF009512C2 /* CustomTabBarController.swift in Sources */,
				32CBF5571C4F7D330064E91D /* CameraVC.swift in Sources */,
				43A0EE611C4CCBCB009C4E46 /* GlobalFeedCollectionViewCell.swift in Sources */,
				43682C4E1C86EC8B00ADCBCD /* SelectionTableViewCell.swift in Sources */,
				32FE7AA51C6C702C00C767BC /* LoverListViewController.swift in Sources */,
				439A350C1C4CFD5600A036E9 /* UserDataStruct.swift in Sources */,
				43BF1F1A1C48B252000980D5 /* DoubleModeFeedImageSelectionViewController.swift in Sources */,
				439BC7B11C86A1E500C07F2B /* ReportAnIssueViewController.swift in Sources */,
				32D784571C579A480027AE65 /* SRWebClient.swift in Sources */,
				321B7F9D1C465CEC0017932E /* HelperFile.swift in Sources */,
			);
			runOnlyForDeploymentPostprocessing = 0;
		};
/* End PBXSourcesBuildPhase section */

/* Begin PBXVariantGroup section */
		329B581F1C3E260600C1EE08 /* Main.storyboard */ = {
			isa = PBXVariantGroup;
			children = (
				329B58201C3E260600C1EE08 /* Base */,
			);
			name = Main.storyboard;
			sourceTree = "<group>";
		};
		329B58241C3E260600C1EE08 /* LaunchScreen.storyboard */ = {
			isa = PBXVariantGroup;
			children = (
				329B58251C3E260600C1EE08 /* Base */,
			);
			name = LaunchScreen.storyboard;
			sourceTree = "<group>";
		};
/* End PBXVariantGroup section */

/* Begin XCBuildConfiguration section */
		329B58281C3E260600C1EE08 /* Debug */ = {
			isa = XCBuildConfiguration;
			buildSettings = {
				ALWAYS_SEARCH_USER_PATHS = NO;
				CLANG_CXX_LANGUAGE_STANDARD = "gnu++0x";
				CLANG_CXX_LIBRARY = "libc++";
				CLANG_ENABLE_MODULES = YES;
				CLANG_ENABLE_OBJC_ARC = YES;
				CLANG_WARN_BOOL_CONVERSION = YES;
				CLANG_WARN_CONSTANT_CONVERSION = YES;
				CLANG_WARN_DIRECT_OBJC_ISA_USAGE = YES_ERROR;
				CLANG_WARN_EMPTY_BODY = YES;
				CLANG_WARN_ENUM_CONVERSION = YES;
				CLANG_WARN_INT_CONVERSION = YES;
				CLANG_WARN_OBJC_ROOT_CLASS = YES_ERROR;
				CLANG_WARN_UNREACHABLE_CODE = YES;
				CLANG_WARN__DUPLICATE_METHOD_MATCH = YES;
				CODE_SIGN_IDENTITY = "iPhone Developer: Bandhu Raj (888Q9QB6VC)";
				"CODE_SIGN_IDENTITY[sdk=iphoneos*]" = "iPhone Developer: Bandhu Raj (888Q9QB6VC)";
				COPY_PHASE_STRIP = NO;
				DEBUG_INFORMATION_FORMAT = dwarf;
				ENABLE_STRICT_OBJC_MSGSEND = YES;
				ENABLE_TESTABILITY = YES;
				GCC_C_LANGUAGE_STANDARD = gnu99;
				GCC_DYNAMIC_NO_PIC = NO;
				GCC_NO_COMMON_BLOCKS = YES;
				GCC_OPTIMIZATION_LEVEL = 0;
				GCC_PREPROCESSOR_DEFINITIONS = (
					"DEBUG=1",
					"$(inherited)",
				);
				GCC_WARN_64_TO_32_BIT_CONVERSION = YES;
				GCC_WARN_ABOUT_RETURN_TYPE = YES_ERROR;
				GCC_WARN_UNDECLARED_SELECTOR = YES;
				GCC_WARN_UNINITIALIZED_AUTOS = YES_AGGRESSIVE;
				GCC_WARN_UNUSED_FUNCTION = YES;
				GCC_WARN_UNUSED_VARIABLE = YES;
				IPHONEOS_DEPLOYMENT_TARGET = 9.2;
				MTL_ENABLE_DEBUG_INFO = YES;
				ONLY_ACTIVE_ARCH = YES;
				PROVISIONING_PROFILE = "";
				SDKROOT = iphoneos;
				SWIFT_OPTIMIZATION_LEVEL = "-Onone";
			};
			name = Debug;
		};
		329B58291C3E260600C1EE08 /* Release */ = {
			isa = XCBuildConfiguration;
			buildSettings = {
				ALWAYS_SEARCH_USER_PATHS = NO;
				CLANG_CXX_LANGUAGE_STANDARD = "gnu++0x";
				CLANG_CXX_LIBRARY = "libc++";
				CLANG_ENABLE_MODULES = YES;
				CLANG_ENABLE_OBJC_ARC = YES;
				CLANG_WARN_BOOL_CONVERSION = YES;
				CLANG_WARN_CONSTANT_CONVERSION = YES;
				CLANG_WARN_DIRECT_OBJC_ISA_USAGE = YES_ERROR;
				CLANG_WARN_EMPTY_BODY = YES;
				CLANG_WARN_ENUM_CONVERSION = YES;
				CLANG_WARN_INT_CONVERSION = YES;
				CLANG_WARN_OBJC_ROOT_CLASS = YES_ERROR;
				CLANG_WARN_UNREACHABLE_CODE = YES;
				CLANG_WARN__DUPLICATE_METHOD_MATCH = YES;
				CODE_SIGN_IDENTITY = "iPhone Developer: Bandhu Raj (888Q9QB6VC)";
				"CODE_SIGN_IDENTITY[sdk=iphoneos*]" = "iPhone Developer: Bandhu Raj (888Q9QB6VC)";
				COPY_PHASE_STRIP = NO;
				DEBUG_INFORMATION_FORMAT = "dwarf-with-dsym";
				ENABLE_NS_ASSERTIONS = NO;
				ENABLE_STRICT_OBJC_MSGSEND = YES;
				GCC_C_LANGUAGE_STANDARD = gnu99;
				GCC_NO_COMMON_BLOCKS = YES;
				GCC_WARN_64_TO_32_BIT_CONVERSION = YES;
				GCC_WARN_ABOUT_RETURN_TYPE = YES_ERROR;
				GCC_WARN_UNDECLARED_SELECTOR = YES;
				GCC_WARN_UNINITIALIZED_AUTOS = YES_AGGRESSIVE;
				GCC_WARN_UNUSED_FUNCTION = YES;
				GCC_WARN_UNUSED_VARIABLE = YES;
				IPHONEOS_DEPLOYMENT_TARGET = 9.2;
				MTL_ENABLE_DEBUG_INFO = NO;
				PROVISIONING_PROFILE = "";
				SDKROOT = iphoneos;
				VALIDATE_PRODUCT = YES;
			};
			name = Release;
		};
		329B582B1C3E260600C1EE08 /* Debug */ = {
			isa = XCBuildConfiguration;
			baseConfigurationReference = CD4AF32D5D95BBDC56CB9EDA /* Pods-Pixapals.debug.xcconfig */;
			buildSettings = {
				ASSETCATALOG_COMPILER_APPICON_NAME = AppIcon;
				CODE_SIGN_IDENTITY = "iPhone Developer: Bandhu Raj (888Q9QB6VC)";
				"CODE_SIGN_IDENTITY[sdk=iphoneos*]" = "iPhone Developer: Bandhu Raj (888Q9QB6VC)";
				FRAMEWORK_SEARCH_PATHS = (
					"$(inherited)",
					"$(PROJECT_DIR)",
					"$(PROJECT_DIR)/Pixapals",
				);
				INFOPLIST_FILE = Pixapals/Info.plist;
				LD_RUNPATH_SEARCH_PATHS = "$(inherited) @executable_path/Frameworks";
				PRODUCT_BUNDLE_IDENTIFIER = com.webbedstudio.Pixapals;
				PRODUCT_NAME = "$(TARGET_NAME)";
				PROVISIONING_PROFILE = "";
			};
			name = Debug;
		};
		329B582C1C3E260600C1EE08 /* Release */ = {
			isa = XCBuildConfiguration;
			baseConfigurationReference = 25D925DA979295FB8DE10432 /* Pods-Pixapals.release.xcconfig */;
			buildSettings = {
				ASSETCATALOG_COMPILER_APPICON_NAME = AppIcon;
				CODE_SIGN_IDENTITY = "iPhone Developer: Bandhu Raj (888Q9QB6VC)";
				"CODE_SIGN_IDENTITY[sdk=iphoneos*]" = "iPhone Developer: Bandhu Raj (888Q9QB6VC)";
				FRAMEWORK_SEARCH_PATHS = (
					"$(inherited)",
					"$(PROJECT_DIR)",
					"$(PROJECT_DIR)/Pixapals",
				);
				INFOPLIST_FILE = Pixapals/Info.plist;
				LD_RUNPATH_SEARCH_PATHS = "$(inherited) @executable_path/Frameworks";
				PRODUCT_BUNDLE_IDENTIFIER = com.webbedstudio.Pixapals;
				PRODUCT_NAME = "$(TARGET_NAME)";
				PROVISIONING_PROFILE = "";
			};
			name = Release;
		};
/* End XCBuildConfiguration section */

/* Begin XCConfigurationList section */
		329B58131C3E260600C1EE08 /* Build configuration list for PBXProject "Pixapals" */ = {
			isa = XCConfigurationList;
			buildConfigurations = (
				329B58281C3E260600C1EE08 /* Debug */,
				329B58291C3E260600C1EE08 /* Release */,
			);
			defaultConfigurationIsVisible = 0;
			defaultConfigurationName = Release;
		};
		329B582A1C3E260600C1EE08 /* Build configuration list for PBXNativeTarget "Pixapals" */ = {
			isa = XCConfigurationList;
			buildConfigurations = (
				329B582B1C3E260600C1EE08 /* Debug */,
				329B582C1C3E260600C1EE08 /* Release */,
			);
			defaultConfigurationIsVisible = 0;
			defaultConfigurationName = Release;
		};
/* End XCConfigurationList section */
	};
	rootObject = 329B58101C3E260600C1EE08 /* Project object */;
}
