PODS:
  - Alamofire (3.1.5)
  - AlamofireObjectMapper (2.1.0):
    - Alamofire (~> 3.1.0)
    - ObjectMapper (~> 1.0)
  - Bolts (1.6.0):
    - Bolts/AppLinks (= 1.6.0)
    - Bolts/Tasks (= 1.6.0)
  - Bolts/AppLinks (1.6.0):
    - Bolts/Tasks
  - Bolts/Tasks (1.6.0)
  - DZNEmptyDataSet (1.7.3)
  - FBSDKCoreKit (4.9.1):
    - Bolts (~> 1.5)
  - FBSDKLoginKit (4.9.1):
    - FBSDKCoreKit
  - FBSDKShareKit (4.10.0):
    - FBSDKCoreKit
  - ImagePicker (1.1)
  - IQKeyboardManager (3.3.6)
  - Kingfisher (1.9.2)
  - MBProgressHUD (0.9.2)
  - ObjectMapper (1.1.1)
  - Spring (1.0.3)
  - SwiftyJSON (2.3.2)
  - Toucan (0.5.0)

DEPENDENCIES:
  - Alamofire (~> 3.0)
  - AlamofireObjectMapper (~> 2.1)
  - DZNEmptyDataSet
  - FBSDKLoginKit
  - FBSDKShareKit
  - ImagePicker
  - IQKeyboardManager
  - Kingfisher (~> 1.9)
  - MBProgressHUD (~> 0.9.2)
  - Spring (from `https://github.com/MengTo/Spring.git`, branch `swift2`)
  - SwiftyJSON (from `https://github.com/SwiftyJSON/SwiftyJSON.git`)
  - Toucan

EXTERNAL SOURCES:
  Spring:
    :branch: swift2
    :git: https://github.com/MengTo/Spring.git
  SwiftyJSON:
    :git: https://github.com/SwiftyJSON/SwiftyJSON.git

CHECKOUT OPTIONS:
  Spring:
    :commit: 18d5c7b74489de8044e34767f856d1e574f0820e
    :git: https://github.com/MengTo/Spring.git
  SwiftyJSON:
    :commit: 929539eb6a3304eaa9153ca44041a78b85bf2ee5
    :git: https://github.com/SwiftyJSON/SwiftyJSON.git

SPEC CHECKSUMS:
  Alamofire: 5f730ba29fd113b7ddd71c1e65d0c630acf5d7b0
  AlamofireObjectMapper: 24097576202064f8b0a583452dd934064f78dc0e
  Bolts: f52a250053bb517ca874523c3913776359ab3def
  DZNEmptyDataSet: dd7cca17c1d07dfa78956859b1e70a52505678ef
  FBSDKCoreKit: aee20b6d9855f15b618d4fddd1a5ad45f5a4a59d
  FBSDKLoginKit: ec22dc49bd372b064e93d6773df4ffefb3a552a2
  FBSDKShareKit: 54587b4624706ace1e810cf83412a918141f807a
  ImagePicker: 2a904341bbc47c96457de00558d2f8dd186eff7c
  IQKeyboardManager: 037cf3aec1d0a045108859a47818714eb1bfc149
  Kingfisher: 7b6df0fa9d211807152c32c46494f9bc08f0e07b
  MBProgressHUD: 1569cf7ace17a8bac47aabfbb8580a49690386d1
  ObjectMapper: 4143abed1dbd49b73d75092fe8fa1c88ed6434b7
  Spring: 3f02b5dc3308572ef177b3cad0fa7bbc4b0706f7
  SwiftyJSON: 04ccea08915aa0109039157c7974cf0298da292a
  Toucan: 0519c341148252ae114c5a657d2a85bb9ada9e40

COCOAPODS: 0.39.0
